
Microsoft Visual Studio Solution File, Format Version 12.00
# Visual Studio Version 16
VisualStudioVersion = 16.0.31501.217
MinimumVisualStudioVersion = 10.0.40219.1
Project("{9A19103F-16F7-4668-BE54-9A1E7A4F7556}") = "DepthChartPro.DAL", "DepthChartPro.DAL\DepthChartPro.DAL.csproj", "{9E4094A8-1595-439B-9839-4C9B3AE1EC44}"
EndProject
Project("{9A19103F-16F7-4668-BE54-9A1E7A4F7556}") = "DepthChartPro.API", "DepthChartPro.API\DepthChartPro.API.csproj", "{92B7AFF0-6D30-48EA-BDA6-7E952306881B}"
EndProject
Project("{9A19103F-16F7-4668-BE54-9A1E7A4F7556}") = "DepthChartPro.BL", "DepthChartPro.BL\DepthChartPro.BL.csproj", "{3C100EB9-A01F-49E8-A693-13E6E1DA599A}"
EndProject
Project("{FAE04EC0-301F-11D3-BF4B-00C04F79EFBC}") = "DepthChartPro.TESTS", "DepthChartPro.TESTS\DepthChartPro.TESTS.csproj", "{599B5AC2-EA3D-49B4-A833-B77A2A1E57D3}"
EndProject
Global
	GlobalSection(SolutionConfigurationPlatforms) = preSolution
		Debug|Any CPU = Debug|Any CPU
		Release|Any CPU = Release|Any CPU
	EndGlobalSection
	GlobalSection(ProjectConfigurationPlatforms) = postSolution
		{9E4094A8-1595-439B-9839-4C9B3AE1EC44}.Debug|Any CPU.ActiveCfg = Debug|Any CPU
		{9E4094A8-1595-439B-9839-4C9B3AE1EC44}.Debug|Any CPU.Build.0 = Debug|Any CPU
		{9E4094A8-1595-439B-9839-4C9B3AE1EC44}.Release|Any CPU.ActiveCfg = Release|Any CPU
		{9E4094A8-1595-439B-9839-4C9B3AE1EC44}.Release|Any CPU.Build.0 = Release|Any CPU
		{92B7AFF0-6D30-48EA-BDA6-7E952306881B}.Debug|Any CPU.ActiveCfg = Debug|Any CPU
		{92B7AFF0-6D30-48EA-BDA6-7E952306881B}.Debug|Any CPU.Build.0 = Debug|Any CPU
		{92B7AFF0-6D30-48EA-BDA6-7E952306881B}.Release|Any CPU.ActiveCfg = Release|Any CPU
		{92B7AFF0-6D30-48EA-BDA6-7E952306881B}.Release|Any CPU.Build.0 = Release|Any CPU
		{3C100EB9-A01F-49E8-A693-13E6E1DA599A}.Debug|Any CPU.ActiveCfg = Debug|Any CPU
		{3C100EB9-A01F-49E8-A693-13E6E1DA599A}.Debug|Any CPU.Build.0 = Debug|Any CPU
		{3C100EB9-A01F-49E8-A693-13E6E1DA599A}.Release|Any CPU.ActiveCfg = Release|Any CPU
		{3C100EB9-A01F-49E8-A693-13E6E1DA599A}.Release|Any CPU.Build.0 = Release|Any CPU
		{599B5AC2-EA3D-49B4-A833-B77A2A1E57D3}.Debug|Any CPU.ActiveCfg = Debug|Any CPU
		{599B5AC2-EA3D-49B4-A833-B77A2A1E57D3}.Debug|Any CPU.Build.0 = Debug|Any CPU
		{599B5AC2-EA3D-49B4-A833-B77A2A1E57D3}.Release|Any CPU.ActiveCfg = Release|Any CPU
		{599B5AC2-EA3D-49B4-A833-B77A2A1E57D3}.Release|Any CPU.Build.0 = Release|Any CPU
	EndGlobalSection
	GlobalSection(SolutionProperties) = preSolution
		HideSolutionNode = FALSE
	EndGlobalSection
	GlobalSection(ExtensibilityGlobals) = postSolution
		SolutionGuid = {B4950E00-FDAC-4A2C-B120-B48B2CE0D9B2}
	EndGlobalSection
EndGlobal
